
Microsoft Visual Studio Solution File, Format Version 12.00
# Visual Studio 2012
Project("{FAE04EC0-301F-11D3-BF4B-00C04F79EFBC}") = "snake", "snake\snake.csproj", "{47911868-A1B2-4B51-AA99-7EC6BAE2893C}"
EndProject
Global
	GlobalSection(SolutionConfigurationPlatforms) = preSolution
		Debug|Any CPU = Debug|Any CPU
		Release|Any CPU = Release|Any CPU
	EndGlobalSection
	GlobalSection(ProjectConfigurationPlatforms) = postSolution
		{47911868-A1B2-4B51-AA99-7EC6BAE2893C}.Debug|Any CPU.ActiveCfg = Debug|Any CPU
		{47911868-A1B2-4B51-AA99-7EC6BAE2893C}.Debug|Any CPU.Build.0 = Debug|Any CPU
		{47911868-A1B2-4B51-AA99-7EC6BAE2893C}.Release|Any CPU.ActiveCfg = Release|Any CPU
		{47911868-A1B2-4B51-AA99-7EC6BAE2893C}.Release|Any CPU.Build.0 = Release|Any CPU
	EndGlobalSection
	GlobalSection(SolutionProperties) = preSolution
		HideSolutionNode = FALSE
	EndGlobalSection
EndGlobal
